
Microsoft Visual Studio Solution File, Format Version 12.00
# Visual Studio 15
VisualStudioVersion = 15.0.28307.645
MinimumVisualStudioVersion = 10.0.40219.1
Project("{2150E333-8FDC-42A3-9474-1A3956D46DE8}") = "src", "src", "{1E77BEEE-7797-4B99-B6B5-57959D5F74D2}"
EndProject
Project("{2150E333-8FDC-42A3-9474-1A3956D46DE8}") = "RequestsReceiver", "RequestsReceiver", "{3CA4851C-DA23-4063-8E43-AA611E28AD1A}"
EndProject
Project("{9A19103F-16F7-4668-BE54-9A1E7A4F7556}") = "RHT.RequestReceiverService", "src\RequestsReceiver\RequestReceiverService\RHT.RequestReceiverService.csproj", "{89A4B8CB-EA3D-4CA0-B39B-34CCA603461D}"
EndProject
Project("{2150E333-8FDC-42A3-9474-1A3956D46DE8}") = "Common", "Common", "{006A5FB8-0BBC-4B03-BDAF-72EE324DC45F}"
EndProject
Project("{9A19103F-16F7-4668-BE54-9A1E7A4F7556}") = "RHT.Shared", "src\Common\Shared\RHT.Shared.csproj", "{04782B13-7EE2-4F87-AA3B-C2C6662D4938}"
EndProject
Project("{2150E333-8FDC-42A3-9474-1A3956D46DE8}") = "RequestsExecutor", "RequestsExecutor", "{40B377C2-7569-405C-9612-CACFC37E6268}"
EndProject
Project("{9A19103F-16F7-4668-BE54-9A1E7A4F7556}") = "RHT.RequestsExecutor.HttpProvider", "src\RequestsExecutor\RHT.RequestsExecutor.HttpProvider\RHT.RequestsExecutor.HttpProvider.csproj", "{AB625E26-6835-448F-B383-796E306B0410}"
EndProject
Project("{9A19103F-16F7-4668-BE54-9A1E7A4F7556}") = "RHT.RequestsExecutorService", "src\RequestsExecutor\RHT.RequestsExecutorService\RHT.RequestsExecutorService.csproj", "{618A3BFB-0E06-4BBE-876C-71D0B5443407}"
EndProject
Project("{9A19103F-16F7-4668-BE54-9A1E7A4F7556}") = "RHT.RequestsExecutor.Infrastructure", "src\RequestsExecutor\RHT.RequestsExecutorService.Infrastructure\RHT.RequestsExecutor.Infrastructure.csproj", "{0EC51926-49E1-4F7B-A160-B5B663E69B67}"
EndProject
Project("{2150E333-8FDC-42A3-9474-1A3956D46DE8}") = "solutionItems", "solutionItems", "{3EDA6F28-67EA-4164-8FF5-6E46B18DB0B8}"
	ProjectSection(SolutionItems) = preProject
		solutionItems\CodeAnalysis.ruleset = solutionItems\CodeAnalysis.ruleset
	EndProjectSection
EndProject
Project("{2150E333-8FDC-42A3-9474-1A3956D46DE8}") = "RequestsStatistic", "RequestsStatistic", "{0B7BD7F7-DFFE-4B2B-82EA-06131AE7674B}"
EndProject
Global
	GlobalSection(SolutionConfigurationPlatforms) = preSolution
		Debug|Any CPU = Debug|Any CPU
		Release|Any CPU = Release|Any CPU
	EndGlobalSection
	GlobalSection(ProjectConfigurationPlatforms) = postSolution
		{89A4B8CB-EA3D-4CA0-B39B-34CCA603461D}.Debug|Any CPU.ActiveCfg = Debug|Any CPU
		{89A4B8CB-EA3D-4CA0-B39B-34CCA603461D}.Debug|Any CPU.Build.0 = Debug|Any CPU
		{89A4B8CB-EA3D-4CA0-B39B-34CCA603461D}.Release|Any CPU.ActiveCfg = Release|Any CPU
		{89A4B8CB-EA3D-4CA0-B39B-34CCA603461D}.Release|Any CPU.Build.0 = Release|Any CPU
		{04782B13-7EE2-4F87-AA3B-C2C6662D4938}.Debug|Any CPU.ActiveCfg = Debug|Any CPU
		{04782B13-7EE2-4F87-AA3B-C2C6662D4938}.Debug|Any CPU.Build.0 = Debug|Any CPU
		{04782B13-7EE2-4F87-AA3B-C2C6662D4938}.Release|Any CPU.ActiveCfg = Release|Any CPU
		{04782B13-7EE2-4F87-AA3B-C2C6662D4938}.Release|Any CPU.Build.0 = Release|Any CPU
		{AB625E26-6835-448F-B383-796E306B0410}.Debug|Any CPU.ActiveCfg = Debug|Any CPU
		{AB625E26-6835-448F-B383-796E306B0410}.Debug|Any CPU.Build.0 = Debug|Any CPU
		{AB625E26-6835-448F-B383-796E306B0410}.Release|Any CPU.ActiveCfg = Release|Any CPU
		{AB625E26-6835-448F-B383-796E306B0410}.Release|Any CPU.Build.0 = Release|Any CPU
		{618A3BFB-0E06-4BBE-876C-71D0B5443407}.Debug|Any CPU.ActiveCfg = Debug|Any CPU
		{618A3BFB-0E06-4BBE-876C-71D0B5443407}.Debug|Any CPU.Build.0 = Debug|Any CPU
		{618A3BFB-0E06-4BBE-876C-71D0B5443407}.Release|Any CPU.ActiveCfg = Release|Any CPU
		{618A3BFB-0E06-4BBE-876C-71D0B5443407}.Release|Any CPU.Build.0 = Release|Any CPU
		{0EC51926-49E1-4F7B-A160-B5B663E69B67}.Debug|Any CPU.ActiveCfg = Debug|Any CPU
		{0EC51926-49E1-4F7B-A160-B5B663E69B67}.Debug|Any CPU.Build.0 = Debug|Any CPU
		{0EC51926-49E1-4F7B-A160-B5B663E69B67}.Release|Any CPU.ActiveCfg = Release|Any CPU
		{0EC51926-49E1-4F7B-A160-B5B663E69B67}.Release|Any CPU.Build.0 = Release|Any CPU
	EndGlobalSection
	GlobalSection(SolutionProperties) = preSolution
		HideSolutionNode = FALSE
	EndGlobalSection
	GlobalSection(NestedProjects) = preSolution
		{3CA4851C-DA23-4063-8E43-AA611E28AD1A} = {1E77BEEE-7797-4B99-B6B5-57959D5F74D2}
		{89A4B8CB-EA3D-4CA0-B39B-34CCA603461D} = {3CA4851C-DA23-4063-8E43-AA611E28AD1A}
		{006A5FB8-0BBC-4B03-BDAF-72EE324DC45F} = {1E77BEEE-7797-4B99-B6B5-57959D5F74D2}
		{04782B13-7EE2-4F87-AA3B-C2C6662D4938} = {006A5FB8-0BBC-4B03-BDAF-72EE324DC45F}
		{40B377C2-7569-405C-9612-CACFC37E6268} = {1E77BEEE-7797-4B99-B6B5-57959D5F74D2}
		{AB625E26-6835-448F-B383-796E306B0410} = {40B377C2-7569-405C-9612-CACFC37E6268}
		{618A3BFB-0E06-4BBE-876C-71D0B5443407} = {40B377C2-7569-405C-9612-CACFC37E6268}
		{0EC51926-49E1-4F7B-A160-B5B663E69B67} = {40B377C2-7569-405C-9612-CACFC37E6268}
		{0B7BD7F7-DFFE-4B2B-82EA-06131AE7674B} = {1E77BEEE-7797-4B99-B6B5-57959D5F74D2}
	EndGlobalSection
	GlobalSection(ExtensibilityGlobals) = postSolution
		SolutionGuid = {E4E269A7-C591-42D8-BA6B-2A8428507E74}
	EndGlobalSection
EndGlobal
