
Microsoft Visual Studio Solution File, Format Version 12.00
# Visual Studio 15
VisualStudioVersion = 15.0.28307.645
MinimumVisualStudioVersion = 10.0.40219.1
Project("{2150E333-8FDC-42A3-9474-1A3956D46DE8}") = "src", "src", "{1E77BEEE-7797-4B99-B6B5-57959D5F74D2}"
EndProject
Project("{2150E333-8FDC-42A3-9474-1A3956D46DE8}") = "RequestsReceiver", "RequestsReceiver", "{3CA4851C-DA23-4063-8E43-AA611E28AD1A}"
EndProject
Project("{9A19103F-16F7-4668-BE54-9A1E7A4F7556}") = "RHT.RequestReceiverService", "src\RequestsReceiver\RequestReceiverService\RHT.RequestReceiverService.csproj", "{89A4B8CB-EA3D-4CA0-B39B-34CCA603461D}"
EndProject
Project("{2150E333-8FDC-42A3-9474-1A3956D46DE8}") = "Common", "Common", "{006A5FB8-0BBC-4B03-BDAF-72EE324DC45F}"
EndProject
Project("{9A19103F-16F7-4668-BE54-9A1E7A4F7556}") = "RHT.Shared", "src\Common\Shared\RHT.Shared.csproj", "{04782B13-7EE2-4F87-AA3B-C2C6662D4938}"
EndProject
Project("{2150E333-8FDC-42A3-9474-1A3956D46DE8}") = "RequestsExecutor", "RequestsExecutor", "{40B377C2-7569-405C-9612-CACFC37E6268}"
EndProject
Project("{9A19103F-16F7-4668-BE54-9A1E7A4F7556}") = "RHT.RequestsExecutor.HttpProvider", "src\RequestsExecutor\HRT.RequestsExecutor.HttpProvider\RHT.RequestsExecutor.HttpProvider.csproj", "{F4632505-7A49-4190-AFEA-BB4A075ABAB5}"
EndProject
Project("{9A19103F-16F7-4668-BE54-9A1E7A4F7556}") = "RHT.RequestsExecutorService", "src\RequestsExecutor\HRT.RequestsExecutorService\RHT.RequestsExecutorService.csproj", "{28395188-8FCB-40A0-B746-8DF343028126}"
EndProject
Project("{9A19103F-16F7-4668-BE54-9A1E7A4F7556}") = "RHT.RequestsExecutor.Infrastructure", "src\RequestsExecutor\HRT.RequestsExecutorService.Infrastructure\RHT.RequestsExecutor.Infrastructure.csproj", "{08D6F433-FB9B-45DC-9355-28C5D524206F}"
EndProject
Global
	GlobalSection(SolutionConfigurationPlatforms) = preSolution
		Debug|Any CPU = Debug|Any CPU
		Release|Any CPU = Release|Any CPU
	EndGlobalSection
	GlobalSection(ProjectConfigurationPlatforms) = postSolution
		{89A4B8CB-EA3D-4CA0-B39B-34CCA603461D}.Debug|Any CPU.ActiveCfg = Debug|Any CPU
		{89A4B8CB-EA3D-4CA0-B39B-34CCA603461D}.Debug|Any CPU.Build.0 = Debug|Any CPU
		{89A4B8CB-EA3D-4CA0-B39B-34CCA603461D}.Release|Any CPU.ActiveCfg = Release|Any CPU
		{89A4B8CB-EA3D-4CA0-B39B-34CCA603461D}.Release|Any CPU.Build.0 = Release|Any CPU
		{04782B13-7EE2-4F87-AA3B-C2C6662D4938}.Debug|Any CPU.ActiveCfg = Debug|Any CPU
		{04782B13-7EE2-4F87-AA3B-C2C6662D4938}.Debug|Any CPU.Build.0 = Debug|Any CPU
		{04782B13-7EE2-4F87-AA3B-C2C6662D4938}.Release|Any CPU.ActiveCfg = Release|Any CPU
		{04782B13-7EE2-4F87-AA3B-C2C6662D4938}.Release|Any CPU.Build.0 = Release|Any CPU
		{F4632505-7A49-4190-AFEA-BB4A075ABAB5}.Debug|Any CPU.ActiveCfg = Debug|Any CPU
		{F4632505-7A49-4190-AFEA-BB4A075ABAB5}.Debug|Any CPU.Build.0 = Debug|Any CPU
		{F4632505-7A49-4190-AFEA-BB4A075ABAB5}.Release|Any CPU.ActiveCfg = Release|Any CPU
		{F4632505-7A49-4190-AFEA-BB4A075ABAB5}.Release|Any CPU.Build.0 = Release|Any CPU
		{28395188-8FCB-40A0-B746-8DF343028126}.Debug|Any CPU.ActiveCfg = Debug|Any CPU
		{28395188-8FCB-40A0-B746-8DF343028126}.Debug|Any CPU.Build.0 = Debug|Any CPU
		{28395188-8FCB-40A0-B746-8DF343028126}.Release|Any CPU.ActiveCfg = Release|Any CPU
		{28395188-8FCB-40A0-B746-8DF343028126}.Release|Any CPU.Build.0 = Release|Any CPU
		{08D6F433-FB9B-45DC-9355-28C5D524206F}.Debug|Any CPU.ActiveCfg = Debug|Any CPU
		{08D6F433-FB9B-45DC-9355-28C5D524206F}.Debug|Any CPU.Build.0 = Debug|Any CPU
		{08D6F433-FB9B-45DC-9355-28C5D524206F}.Release|Any CPU.ActiveCfg = Release|Any CPU
		{08D6F433-FB9B-45DC-9355-28C5D524206F}.Release|Any CPU.Build.0 = Release|Any CPU
	EndGlobalSection
	GlobalSection(SolutionProperties) = preSolution
		HideSolutionNode = FALSE
	EndGlobalSection
	GlobalSection(NestedProjects) = preSolution
		{3CA4851C-DA23-4063-8E43-AA611E28AD1A} = {1E77BEEE-7797-4B99-B6B5-57959D5F74D2}
		{89A4B8CB-EA3D-4CA0-B39B-34CCA603461D} = {3CA4851C-DA23-4063-8E43-AA611E28AD1A}
		{006A5FB8-0BBC-4B03-BDAF-72EE324DC45F} = {1E77BEEE-7797-4B99-B6B5-57959D5F74D2}
		{04782B13-7EE2-4F87-AA3B-C2C6662D4938} = {006A5FB8-0BBC-4B03-BDAF-72EE324DC45F}
		{40B377C2-7569-405C-9612-CACFC37E6268} = {1E77BEEE-7797-4B99-B6B5-57959D5F74D2}
		{F4632505-7A49-4190-AFEA-BB4A075ABAB5} = {40B377C2-7569-405C-9612-CACFC37E6268}
		{28395188-8FCB-40A0-B746-8DF343028126} = {40B377C2-7569-405C-9612-CACFC37E6268}
		{08D6F433-FB9B-45DC-9355-28C5D524206F} = {40B377C2-7569-405C-9612-CACFC37E6268}
	EndGlobalSection
	GlobalSection(ExtensibilityGlobals) = postSolution
		SolutionGuid = {E4E269A7-C591-42D8-BA6B-2A8428507E74}
	EndGlobalSection
EndGlobal
